// !$*UTF8*$!
{
	archiveVersion = 1;
	classes = {
	};
	objectVersion = 46;
	objects = {

/* Begin PBXBuildFile section */
		D56FE7181BD290BB00272D98 /* AppDelegate.swift in Sources */ = {isa = PBXBuildFile; fileRef = D56FE7171BD290BB00272D98 /* AppDelegate.swift */; };
		D56FE71A1BD290BB00272D98 /* ViewController.swift in Sources */ = {isa = PBXBuildFile; fileRef = D56FE7191BD290BB00272D98 /* ViewController.swift */; };
		D56FE71D1BD290BB00272D98 /* Main.storyboard in Resources */ = {isa = PBXBuildFile; fileRef = D56FE71B1BD290BB00272D98 /* Main.storyboard */; };
		D56FE71F1BD290BB00272D98 /* Assets.xcassets in Resources */ = {isa = PBXBuildFile; fileRef = D56FE71E1BD290BB00272D98 /* Assets.xcassets */; };
		D56FE72A1BD2916000272D98 /* SwiftLoading.swift in Sources */ = {isa = PBXBuildFile; fileRef = D56FE7291BD2916000272D98 /* SwiftLoading.swift */; settings = {ASSET_TAGS = (); }; };
		D56FE72F1BD2940B00272D98 /* LaunchScreen.xib in Resources */ = {isa = PBXBuildFile; fileRef = D56FE72D1BD2940B00272D98 /* LaunchScreen.xib */; settings = {ASSET_TAGS = (); }; };
/* End PBXBuildFile section */

/* Begin PBXFileReference section */
		D56FE7141BD290BB00272D98 /* SwiftLoading.app */ = {isa = PBXFileReference; explicitFileType = wrapper.application; includeInIndex = 0; path = SwiftLoading.app; sourceTree = BUILT_PRODUCTS_DIR; };
		D56FE7171BD290BB00272D98 /* AppDelegate.swift */ = {isa = PBXFileReference; lastKnownFileType = sourcecode.swift; path = AppDelegate.swift; sourceTree = "<group>"; };
		D56FE7191BD290BB00272D98 /* ViewController.swift */ = {isa = PBXFileReference; lastKnownFileType = sourcecode.swift; path = ViewController.swift; sourceTree = "<group>"; };
		D56FE71C1BD290BB00272D98 /* Base */ = {isa = PBXFileReference; lastKnownFileType = file.storyboard; name = Base; path = Base.lproj/Main.storyboard; sourceTree = "<group>"; };
		D56FE71E1BD290BB00272D98 /* Assets.xcassets */ = {isa = PBXFileReference; lastKnownFileType = folder.assetcatalog; path = Assets.xcassets; sourceTree = "<group>"; };
		D56FE7231BD290BB00272D98 /* Info.plist */ = {isa = PBXFileReference; lastKnownFileType = text.plist.xml; path = Info.plist; sourceTree = "<group>"; };
		D56FE7291BD2916000272D98 /* SwiftLoading.swift */ = {isa = PBXFileReference; fileEncoding = 4; lastKnownFileType = sourcecode.swift; path = SwiftLoading.swift; sourceTree = "<group>"; };
		D56FE72E1BD2940B00272D98 /* Base */ = {isa = PBXFileReference; lastKnownFileType = file.xib; name = Base; path = Base.lproj/LaunchScreen.xib; sourceTree = "<group>"; };
/* End PBXFileReference section */

/* Begin PBXFrameworksBuildPhase section */
		D56FE7111BD290BB00272D98 /* Frameworks */ = {
			isa = PBXFrameworksBuildPhase;
			buildActionMask = 2147483647;
			files = (
			);
			runOnlyForDeploymentPostprocessing = 0;
		};
/* End PBXFrameworksBuildPhase section */

/* Begin PBXGroup section */
		D56FE70B1BD290BB00272D98 = {
			isa = PBXGroup;
			children = (
				D56FE7161BD290BB00272D98 /* SwiftLoading */,
				D56FE7151BD290BB00272D98 /* Products */,
			);
			sourceTree = "<group>";
		};
		D56FE7151BD290BB00272D98 /* Products */ = {
			isa = PBXGroup;
			children = (
				D56FE7141BD290BB00272D98 /* SwiftLoading.app */,
			);
			name = Products;
			sourceTree = "<group>";
		};
		D56FE7161BD290BB00272D98 /* SwiftLoading */ = {
			isa = PBXGroup;
			children = (
				D56FE7171BD290BB00272D98 /* AppDelegate.swift */,
				D56FE7191BD290BB00272D98 /* ViewController.swift */,
				D56FE71B1BD290BB00272D98 /* Main.storyboard */,
				D56FE72D1BD2940B00272D98 /* LaunchScreen.xib */,
				D56FE71E1BD290BB00272D98 /* Assets.xcassets */,
				D56FE7231BD290BB00272D98 /* Info.plist */,
				D56FE7291BD2916000272D98 /* SwiftLoading.swift */,
			);
			path = SwiftLoading;
			sourceTree = "<group>";
		};
/* End PBXGroup section */

/* Begin PBXNativeTarget section */
		D56FE7131BD290BB00272D98 /* SwiftLoading */ = {
			isa = PBXNativeTarget;
			buildConfigurationList = D56FE7261BD290BB00272D98 /* Build configuration list for PBXNativeTarget "SwiftLoading" */;
			buildPhases = (
				D56FE7101BD290BB00272D98 /* Sources */,
				D56FE7111BD290BB00272D98 /* Frameworks */,
				D56FE7121BD290BB00272D98 /* Resources */,
			);
			buildRules = (
			);
			dependencies = (
			);
			name = SwiftLoading;
			productName = SwiftLoading;
			productReference = D56FE7141BD290BB00272D98 /* SwiftLoading.app */;
			productType = "com.apple.product-type.application";
		};
/* End PBXNativeTarget section */

/* Begin PBXProject section */
		D56FE70C1BD290BB00272D98 /* Project object */ = {
			isa = PBXProject;
			attributes = {
				LastUpgradeCheck = 0700;
				ORGANIZATIONNAME = "Tran Doan San";
				TargetAttributes = {
					D56FE7131BD290BB00272D98 = {
						CreatedOnToolsVersion = 7.0.1;
					};
				};
			};
			buildConfigurationList = D56FE70F1BD290BB00272D98 /* Build configuration list for PBXProject "SwiftLoading" */;
			compatibilityVersion = "Xcode 3.2";
			developmentRegion = English;
			hasScannedForEncodings = 0;
			knownRegions = (
				en,
				Base,
			);
			mainGroup = D56FE70B1BD290BB00272D98;
			productRefGroup = D56FE7151BD290BB00272D98 /* Products */;
			projectDirPath = "";
			projectRoot = "";
			targets = (
				D56FE7131BD290BB00272D98 /* SwiftLoading */,
			);
		};
/* End PBXProject section */

/* Begin PBXResourcesBuildPhase section */
		D56FE7121BD290BB00272D98 /* Resources */ = {
			isa = PBXResourcesBuildPhase;
			buildActionMask = 2147483647;
			files = (
				D56FE71F1BD290BB00272D98 /* Assets.xcassets in Resources */,
				D56FE72F1BD2940B00272D98 /* LaunchScreen.xib in Resources */,
				D56FE71D1BD290BB00272D98 /* Main.storyboard in Resources */,
			);
			runOnlyForDeploymentPostprocessing = 0;
		};
/* End PBXResourcesBuildPhase section */

/* Begin PBXSourcesBuildPhase section */
		D56FE7101BD290BB00272D98 /* Sources */ = {
			isa = PBXSourcesBuildPhase;
			buildActionMask = 2147483647;
			files = (
				D56FE71A1BD290BB00272D98 /* ViewController.swift in Sources */,
				D56FE72A1BD2916000272D98 /* SwiftLoading.swift in Sources */,
				D56FE7181BD290BB00272D98 /* AppDelegate.swift in Sources */,
			);
			runOnlyForDeploymentPostprocessing = 0;
		};
/* End PBXSourcesBuildPhase section */

/* Begin PBXVariantGroup section */
		D56FE71B1BD290BB00272D98 /* Main.storyboard */ = {
			isa = PBXVariantGroup;
			children = (
				D56FE71C1BD290BB00272D98 /* Base */,
			);
			name = Main.storyboard;
			sourceTree = "<group>";
		};
		D56FE72D1BD2940B00272D98 /* LaunchScreen.xib */ = {
			isa = PBXVariantGroup;
			children = (
				D56FE72E1BD2940B00272D98 /* Base */,
			);
			name = LaunchScreen.xib;
			sourceTree = "<group>";
		};
/* End PBXVariantGroup section */

/* Begin XCBuildConfiguration section */
		D56FE7241BD290BB00272D98 /* Debug */ = {
			isa = XCBuildConfiguration;
			buildSettings = {
				ALWAYS_SEARCH_USER_PATHS = NO;
				CLANG_CXX_LANGUAGE_STANDARD = "gnu++0x";
				CLANG_CXX_LIBRARY = "libc++";
				CLANG_ENABLE_MODULES = YES;
				CLANG_ENABLE_OBJC_ARC = YES;
				CLANG_WARN_BOOL_CONVERSION = YES;
				CLANG_WARN_CONSTANT_CONVERSION = YES;
				CLANG_WARN_DIRECT_OBJC_ISA_USAGE = YES_ERROR;
				CLANG_WARN_EMPTY_BODY = YES;
				CLANG_WARN_ENUM_CONVERSION = YES;
				CLANG_WARN_INT_CONVERSION = YES;
				CLANG_WARN_OBJC_ROOT_CLASS = YES_ERROR;
				CLANG_WARN_UNREACHABLE_CODE = YES;
				CLANG_WARN__DUPLICATE_METHOD_MATCH = YES;
				"CODE_SIGN_IDENTITY[sdk=iphoneos*]" = "iPhone Developer";
				COPY_PHASE_STRIP = NO;
				DEBUG_INFORMATION_FORMAT = dwarf;
				ENABLE_STRICT_OBJC_MSGSEND = YES;
				ENABLE_TESTABILITY = YES;
				GCC_C_LANGUAGE_STANDARD = gnu99;
				GCC_DYNAMIC_NO_PIC = NO;
				GCC_NO_COMMON_BLOCKS = YES;
				GCC_OPTIMIZATION_LEVEL = 0;
				GCC_PREPROCESSOR_DEFINITIONS = (
					"DEBUG=1",
					"$(inherited)",
				);
				GCC_WARN_64_TO_32_BIT_CONVERSION = YES;
				GCC_WARN_ABOUT_RETURN_TYPE = YES_ERROR;
				GCC_WARN_UNDECLARED_SELECTOR = YES;
				GCC_WARN_UNINITIALIZED_AUTOS = YES_AGGRESSIVE;
				GCC_WARN_UNUSED_FUNCTION = YES;
				GCC_WARN_UNUSED_VARIABLE = YES;
				IPHONEOS_DEPLOYMENT_TARGET = 9.0;
				MTL_ENABLE_DEBUG_INFO = YES;
				ONLY_ACTIVE_ARCH = YES;
				SDKROOT = iphoneos;
				SWIFT_OPTIMIZATION_LEVEL = "-Onone";
				TARGETED_DEVICE_FAMILY = "1,2";
			};
			name = Debug;
		};
		D56FE7251BD290BB00272D98 /* Release */ = {
			isa = XCBuildConfiguration;
			buildSettings = {
				ALWAYS_SEARCH_USER_PATHS = NO;
				CLANG_CXX_LANGUAGE_STANDARD = "gnu++0x";
				CLANG_CXX_LIBRARY = "libc++";
				CLANG_ENABLE_MODULES = YES;
				CLANG_ENABLE_OBJC_ARC = YES;
				CLANG_WARN_BOOL_CONVERSION = YES;
				CLANG_WARN_CONSTANT_CONVERSION = YES;
				CLANG_WARN_DIRECT_OBJC_ISA_USAGE = YES_ERROR;
				CLANG_WARN_EMPTY_BODY = YES;
				CLANG_WARN_ENUM_CONVERSION = YES;
				CLANG_WARN_INT_CONVERSION = YES;
				CLANG_WARN_OBJC_ROOT_CLASS = YES_ERROR;
				CLANG_WARN_UNREACHABLE_CODE = YES;
				CLANG_WARN__DUPLICATE_METHOD_MATCH = YES;
				"CODE_SIGN_IDENTITY[sdk=iphoneos*]" = "iPhone Developer";
				COPY_PHASE_STRIP = NO;
				DEBUG_INFORMATION_FORMAT = "dwarf-with-dsym";
				ENABLE_NS_ASSERTIONS = NO;
				ENABLE_STRICT_OBJC_MSGSEND = YES;
				GCC_C_LANGUAGE_STANDARD = gnu99;
				GCC_NO_COMMON_BLOCKS = YES;
				GCC_WARN_64_TO_32_BIT_CONVERSION = YES;
				GCC_WARN_ABOUT_RETURN_TYPE = YES_ERROR;
				GCC_WARN_UNDECLARED_SELECTOR = YES;
				GCC_WARN_UNINITIALIZED_AUTOS = YES_AGGRESSIVE;
				GCC_WARN_UNUSED_FUNCTION = YES;
				GCC_WARN_UNUSED_VARIABLE = YES;
				IPHONEOS_DEPLOYMENT_TARGET = 9.0;
				MTL_ENABLE_DEBUG_INFO = NO;
				SDKROOT = iphoneos;
				TARGETED_DEVICE_FAMILY = "1,2";
				VALIDATE_PRODUCT = YES;
			};
			name = Release;
		};
		D56FE7271BD290BB00272D98 /* Debug */ = {
			isa = XCBuildConfiguration;
			buildSettings = {
				ASSETCATALOG_COMPILER_APPICON_NAME = AppIcon;
				INFOPLIST_FILE = SwiftLoading/Info.plist;
				LD_RUNPATH_SEARCH_PATHS = "$(inherited) @executable_path/Frameworks";
				PRODUCT_BUNDLE_IDENTIFIER = com.SwiftLoading;
				PRODUCT_NAME = "$(TARGET_NAME)";
			};
			name = Debug;
		};
		D56FE7281BD290BB00272D98 /* Release */ = {
			isa = XCBuildConfiguration;
			buildSettings = {
				ASSETCATALOG_COMPILER_APPICON_NAME = AppIcon;
				INFOPLIST_FILE = SwiftLoading/Info.plist;
				LD_RUNPATH_SEARCH_PATHS = "$(inherited) @executable_path/Frameworks";
				PRODUCT_BUNDLE_IDENTIFIER = com.SwiftLoading;
				PRODUCT_NAME = "$(TARGET_NAME)";
			};
			name = Release;
		};
/* End XCBuildConfiguration section */

/* Begin XCConfigurationList section */
		D56FE70F1BD290BB00272D98 /* Build configuration list for PBXProject "SwiftLoading" */ = {
			isa = XCConfigurationList;
			buildConfigurations = (
				D56FE7241BD290BB00272D98 /* Debug */,
				D56FE7251BD290BB00272D98 /* Release */,
			);
			defaultConfigurationIsVisible = 0;
			defaultConfigurationName = Release;
		};
		D56FE7261BD290BB00272D98 /* Build configuration list for PBXNativeTarget "SwiftLoading" */ = {
			isa = XCConfigurationList;
			buildConfigurations = (
				D56FE7271BD290BB00272D98 /* Debug */,
				D56FE7281BD290BB00272D98 /* Release */,
			);
			defaultConfigurationIsVisible = 0;
		};
/* End XCConfigurationList section */
	};
	rootObject = D56FE70C1BD290BB00272D98 /* Project object */;
}
